
Microsoft Visual Studio Solution File, Format Version 12.00
# Visual Studio Version 16
VisualStudioVersion = 16.0.30413.136
MinimumVisualStudioVersion = 10.0.40219.1
Project("{FAE04EC0-301F-11D3-BF4B-00C04F79EFBC}") = "prakticky_test", "prakticky_test\prakticky_test.csproj", "{1F00E5F0-633E-42B9-90ED-6BB17128A002}"
EndProject
Global
	GlobalSection(SolutionConfigurationPlatforms) = preSolution
		Debug|Any CPU = Debug|Any CPU
		Release|Any CPU = Release|Any CPU
	EndGlobalSection
	GlobalSection(ProjectConfigurationPlatforms) = postSolution
		{1F00E5F0-633E-42B9-90ED-6BB17128A002}.Debug|Any CPU.ActiveCfg = Debug|Any CPU
		{1F00E5F0-633E-42B9-90ED-6BB17128A002}.Debug|Any CPU.Build.0 = Debug|Any CPU
		{1F00E5F0-633E-42B9-90ED-6BB17128A002}.Release|Any CPU.ActiveCfg = Release|Any CPU
		{1F00E5F0-633E-42B9-90ED-6BB17128A002}.Release|Any CPU.Build.0 = Release|Any CPU
	EndGlobalSection
	GlobalSection(SolutionProperties) = preSolution
		HideSolutionNode = FALSE
	EndGlobalSection
	GlobalSection(ExtensibilityGlobals) = postSolution
		SolutionGuid = {362FFDD4-9059-4118-9AE3-BC17C04E73D9}
	EndGlobalSection
EndGlobal
